
Microsoft Visual Studio Solution File, Format Version 12.00
# Visual Studio Version 17
VisualStudioVersion = 17.12.35514.174
MinimumVisualStudioVersion = 10.0.40219.1
Project("{9A19103F-16F7-4668-BE54-9A1E7A4F7556}") = "lab1_1", "objectiveCRepo\lab1_1.csproj", "{9A5509E2-68E7-436B-B791-7BF9594B3694}"
EndProject
Project("{9A19103F-16F7-4668-BE54-9A1E7A4F7556}") = "lab1_2", "lab1_2\lab1_2.csproj", "{F2C319DB-EBC1-4109-8732-CFE5D631E895}"
EndProject
Project("{9A19103F-16F7-4668-BE54-9A1E7A4F7556}") = "lab1_3", "lab1_3\lab1_3.csproj", "{8F8EC9D0-0435-4362-8ABA-F98BB3624802}"
EndProject
Project("{9A19103F-16F7-4668-BE54-9A1E7A4F7556}") = "lab1_4", "lab1_4\lab1_4.csproj", "{7D5B8888-12B5-4768-9273-8B8C35D2DB65}"
EndProject
Project("{9A19103F-16F7-4668-BE54-9A1E7A4F7556}") = "lab1_5", "lab1_5\lab1_5.csproj", "{9FEF6A56-AD53-45DA-98C0-4BC08C29DE35}"
EndProject
Project("{9A19103F-16F7-4668-BE54-9A1E7A4F7556}") = "lab1_6", "lab1_6\lab1_6.csproj", "{AD8742C5-052E-4B02-90A7-AC79A35453C0}"
EndProject
Project("{2150E333-8FDC-42A3-9474-1A3956D46DE8}") = "Elementy rozwiązania", "Elementy rozwiązania", "{6CBF2181-86B5-4095-A996-5161B3F348D9}"
EndProject
Project("{9A19103F-16F7-4668-BE54-9A1E7A4F7556}") = "lab2_1_1", "lab2_1_1\lab2_1_1.csproj", "{4F3D7635-73E9-4449-8ED5-E07413934C57}"
EndProject
Project("{9A19103F-16F7-4668-BE54-9A1E7A4F7556}") = "lab2_2", "lab2_2\lab2_2.csproj", "{177DF917-9C79-42C9-B6C3-F4659654C08E}"
EndProject
Project("{9A19103F-16F7-4668-BE54-9A1E7A4F7556}") = "lab2_3", "lab2_3\lab2_3.csproj", "{2B6D714D-37BC-4C75-9917-C03776B86792}"
EndProject
Project("{9A19103F-16F7-4668-BE54-9A1E7A4F7556}") = "lab2_4", "lab2_4\lab2_4.csproj", "{E9773560-3D77-4554-8931-FFED8C95EE0F}"
EndProject
Project("{9A19103F-16F7-4668-BE54-9A1E7A4F7556}") = "lab2_5", "lab2_5\lab2_5.csproj", "{EA676025-44FF-4517-BBEF-F539F83577FB}"
EndProject
Project("{FAE04EC0-301F-11D3-BF4B-00C04F79EFBC}") = "lab1_7", "lab1_7\lab1_7.csproj", "{E4DAAD39-C800-45A9-B914-0B5F0D78ECDB}"
EndProject
Project("{FAE04EC0-301F-11D3-BF4B-00C04F79EFBC}") = "lab3_1_a", "lab3_1_a\lab3_1_a.csproj", "{397AB17B-13D7-459C-A93B-D0391D420193}"
EndProject
Project("{FAE04EC0-301F-11D3-BF4B-00C04F79EFBC}") = "lab3_1_b", "lab3_1_b\lab3_1_b.csproj", "{3C86175B-87F4-4741-831C-96B4661AFDB4}"
EndProject
Project("{FAE04EC0-301F-11D3-BF4B-00C04F79EFBC}") = "lab3_1_c", "lab3_1_c\lab3_1_c.csproj", "{C0CF5844-ABF9-410C-B87C-A493B011B530}"
EndProject
Project("{FAE04EC0-301F-11D3-BF4B-00C04F79EFBC}") = "lab3_1_f", "lab3_1_f\lab3_1_f.csproj", "{D35F6BF1-08F2-4E42-8C57-CCE03301B889}"
EndProject
Project("{FAE04EC0-301F-11D3-BF4B-00C04F79EFBC}") = "lab3_1_g", "lab3_1_g\lab3_1_g.csproj", "{1D420FFD-B837-4849-8019-4AD07272BAF7}"
EndProject
Project("{FAE04EC0-301F-11D3-BF4B-00C04F79EFBC}") = "lab3_1_i", "lab3_1_i\lab3_1_i.csproj", "{B29477C9-E9CD-4083-AABA-A784DE57BD38}"
EndProject
Global
	GlobalSection(SolutionConfigurationPlatforms) = preSolution
		Debug|Any CPU = Debug|Any CPU
		Release|Any CPU = Release|Any CPU
	EndGlobalSection
	GlobalSection(ProjectConfigurationPlatforms) = postSolution
		{9A5509E2-68E7-436B-B791-7BF9594B3694}.Debug|Any CPU.ActiveCfg = Debug|Any CPU
		{9A5509E2-68E7-436B-B791-7BF9594B3694}.Debug|Any CPU.Build.0 = Debug|Any CPU
		{9A5509E2-68E7-436B-B791-7BF9594B3694}.Release|Any CPU.ActiveCfg = Release|Any CPU
		{9A5509E2-68E7-436B-B791-7BF9594B3694}.Release|Any CPU.Build.0 = Release|Any CPU
		{F2C319DB-EBC1-4109-8732-CFE5D631E895}.Debug|Any CPU.ActiveCfg = Debug|Any CPU
		{F2C319DB-EBC1-4109-8732-CFE5D631E895}.Debug|Any CPU.Build.0 = Debug|Any CPU
		{F2C319DB-EBC1-4109-8732-CFE5D631E895}.Release|Any CPU.ActiveCfg = Release|Any CPU
		{F2C319DB-EBC1-4109-8732-CFE5D631E895}.Release|Any CPU.Build.0 = Release|Any CPU
		{8F8EC9D0-0435-4362-8ABA-F98BB3624802}.Debug|Any CPU.ActiveCfg = Debug|Any CPU
		{8F8EC9D0-0435-4362-8ABA-F98BB3624802}.Debug|Any CPU.Build.0 = Debug|Any CPU
		{8F8EC9D0-0435-4362-8ABA-F98BB3624802}.Release|Any CPU.ActiveCfg = Release|Any CPU
		{8F8EC9D0-0435-4362-8ABA-F98BB3624802}.Release|Any CPU.Build.0 = Release|Any CPU
		{7D5B8888-12B5-4768-9273-8B8C35D2DB65}.Debug|Any CPU.ActiveCfg = Debug|Any CPU
		{7D5B8888-12B5-4768-9273-8B8C35D2DB65}.Debug|Any CPU.Build.0 = Debug|Any CPU
		{7D5B8888-12B5-4768-9273-8B8C35D2DB65}.Release|Any CPU.ActiveCfg = Release|Any CPU
		{7D5B8888-12B5-4768-9273-8B8C35D2DB65}.Release|Any CPU.Build.0 = Release|Any CPU
		{9FEF6A56-AD53-45DA-98C0-4BC08C29DE35}.Debug|Any CPU.ActiveCfg = Debug|Any CPU
		{9FEF6A56-AD53-45DA-98C0-4BC08C29DE35}.Debug|Any CPU.Build.0 = Debug|Any CPU
		{9FEF6A56-AD53-45DA-98C0-4BC08C29DE35}.Release|Any CPU.ActiveCfg = Release|Any CPU
		{9FEF6A56-AD53-45DA-98C0-4BC08C29DE35}.Release|Any CPU.Build.0 = Release|Any CPU
		{AD8742C5-052E-4B02-90A7-AC79A35453C0}.Debug|Any CPU.ActiveCfg = Debug|Any CPU
		{AD8742C5-052E-4B02-90A7-AC79A35453C0}.Debug|Any CPU.Build.0 = Debug|Any CPU
		{AD8742C5-052E-4B02-90A7-AC79A35453C0}.Release|Any CPU.ActiveCfg = Release|Any CPU
		{AD8742C5-052E-4B02-90A7-AC79A35453C0}.Release|Any CPU.Build.0 = Release|Any CPU
		{4F3D7635-73E9-4449-8ED5-E07413934C57}.Debug|Any CPU.ActiveCfg = Debug|Any CPU
		{4F3D7635-73E9-4449-8ED5-E07413934C57}.Debug|Any CPU.Build.0 = Debug|Any CPU
		{4F3D7635-73E9-4449-8ED5-E07413934C57}.Release|Any CPU.ActiveCfg = Release|Any CPU
		{4F3D7635-73E9-4449-8ED5-E07413934C57}.Release|Any CPU.Build.0 = Release|Any CPU
		{177DF917-9C79-42C9-B6C3-F4659654C08E}.Debug|Any CPU.ActiveCfg = Debug|Any CPU
		{177DF917-9C79-42C9-B6C3-F4659654C08E}.Debug|Any CPU.Build.0 = Debug|Any CPU
		{177DF917-9C79-42C9-B6C3-F4659654C08E}.Release|Any CPU.ActiveCfg = Release|Any CPU
		{177DF917-9C79-42C9-B6C3-F4659654C08E}.Release|Any CPU.Build.0 = Release|Any CPU
		{2B6D714D-37BC-4C75-9917-C03776B86792}.Debug|Any CPU.ActiveCfg = Debug|Any CPU
		{2B6D714D-37BC-4C75-9917-C03776B86792}.Debug|Any CPU.Build.0 = Debug|Any CPU
		{2B6D714D-37BC-4C75-9917-C03776B86792}.Release|Any CPU.ActiveCfg = Release|Any CPU
		{2B6D714D-37BC-4C75-9917-C03776B86792}.Release|Any CPU.Build.0 = Release|Any CPU
		{E9773560-3D77-4554-8931-FFED8C95EE0F}.Debug|Any CPU.ActiveCfg = Debug|Any CPU
		{E9773560-3D77-4554-8931-FFED8C95EE0F}.Debug|Any CPU.Build.0 = Debug|Any CPU
		{E9773560-3D77-4554-8931-FFED8C95EE0F}.Release|Any CPU.ActiveCfg = Release|Any CPU
		{E9773560-3D77-4554-8931-FFED8C95EE0F}.Release|Any CPU.Build.0 = Release|Any CPU
		{EA676025-44FF-4517-BBEF-F539F83577FB}.Debug|Any CPU.ActiveCfg = Debug|Any CPU
		{EA676025-44FF-4517-BBEF-F539F83577FB}.Debug|Any CPU.Build.0 = Debug|Any CPU
		{EA676025-44FF-4517-BBEF-F539F83577FB}.Release|Any CPU.ActiveCfg = Release|Any CPU
		{EA676025-44FF-4517-BBEF-F539F83577FB}.Release|Any CPU.Build.0 = Release|Any CPU
		{E4DAAD39-C800-45A9-B914-0B5F0D78ECDB}.Debug|Any CPU.ActiveCfg = Debug|Any CPU
		{E4DAAD39-C800-45A9-B914-0B5F0D78ECDB}.Debug|Any CPU.Build.0 = Debug|Any CPU
		{E4DAAD39-C800-45A9-B914-0B5F0D78ECDB}.Release|Any CPU.ActiveCfg = Release|Any CPU
		{E4DAAD39-C800-45A9-B914-0B5F0D78ECDB}.Release|Any CPU.Build.0 = Release|Any CPU
		{397AB17B-13D7-459C-A93B-D0391D420193}.Debug|Any CPU.ActiveCfg = Debug|Any CPU
		{397AB17B-13D7-459C-A93B-D0391D420193}.Debug|Any CPU.Build.0 = Debug|Any CPU
		{397AB17B-13D7-459C-A93B-D0391D420193}.Release|Any CPU.ActiveCfg = Release|Any CPU
		{397AB17B-13D7-459C-A93B-D0391D420193}.Release|Any CPU.Build.0 = Release|Any CPU
		{3C86175B-87F4-4741-831C-96B4661AFDB4}.Debug|Any CPU.ActiveCfg = Debug|Any CPU
		{3C86175B-87F4-4741-831C-96B4661AFDB4}.Debug|Any CPU.Build.0 = Debug|Any CPU
		{3C86175B-87F4-4741-831C-96B4661AFDB4}.Release|Any CPU.ActiveCfg = Release|Any CPU
		{3C86175B-87F4-4741-831C-96B4661AFDB4}.Release|Any CPU.Build.0 = Release|Any CPU
		{C0CF5844-ABF9-410C-B87C-A493B011B530}.Debug|Any CPU.ActiveCfg = Debug|Any CPU
		{C0CF5844-ABF9-410C-B87C-A493B011B530}.Debug|Any CPU.Build.0 = Debug|Any CPU
		{C0CF5844-ABF9-410C-B87C-A493B011B530}.Release|Any CPU.ActiveCfg = Release|Any CPU
		{C0CF5844-ABF9-410C-B87C-A493B011B530}.Release|Any CPU.Build.0 = Release|Any CPU
		{D35F6BF1-08F2-4E42-8C57-CCE03301B889}.Debug|Any CPU.ActiveCfg = Debug|Any CPU
		{D35F6BF1-08F2-4E42-8C57-CCE03301B889}.Debug|Any CPU.Build.0 = Debug|Any CPU
		{D35F6BF1-08F2-4E42-8C57-CCE03301B889}.Release|Any CPU.ActiveCfg = Release|Any CPU
		{D35F6BF1-08F2-4E42-8C57-CCE03301B889}.Release|Any CPU.Build.0 = Release|Any CPU
		{1D420FFD-B837-4849-8019-4AD07272BAF7}.Debug|Any CPU.ActiveCfg = Debug|Any CPU
		{1D420FFD-B837-4849-8019-4AD07272BAF7}.Debug|Any CPU.Build.0 = Debug|Any CPU
		{1D420FFD-B837-4849-8019-4AD07272BAF7}.Release|Any CPU.ActiveCfg = Release|Any CPU
		{1D420FFD-B837-4849-8019-4AD07272BAF7}.Release|Any CPU.Build.0 = Release|Any CPU
		{B29477C9-E9CD-4083-AABA-A784DE57BD38}.Debug|Any CPU.ActiveCfg = Debug|Any CPU
		{B29477C9-E9CD-4083-AABA-A784DE57BD38}.Debug|Any CPU.Build.0 = Debug|Any CPU
		{B29477C9-E9CD-4083-AABA-A784DE57BD38}.Release|Any CPU.ActiveCfg = Release|Any CPU
		{B29477C9-E9CD-4083-AABA-A784DE57BD38}.Release|Any CPU.Build.0 = Release|Any CPU
	EndGlobalSection
	GlobalSection(SolutionProperties) = preSolution
		HideSolutionNode = FALSE
	EndGlobalSection
	GlobalSection(ExtensibilityGlobals) = postSolution
		SolutionGuid = {B65F76CA-BD08-4147-B59A-DE2D9137CC3A}
	EndGlobalSection
EndGlobal
