
Microsoft Visual Studio Solution File, Format Version 12.00
# Visual Studio Version 17
VisualStudioVersion = 17.12.35514.174
MinimumVisualStudioVersion = 10.0.40219.1
Project("{FAE04EC0-301F-11D3-BF4B-00C04F79EFBC}") = "lab1_1", "objectiveCRepo\lab1_1.csproj", "{9A5509E2-68E7-436B-B791-7BF9594B3694}"
EndProject
Project("{FAE04EC0-301F-11D3-BF4B-00C04F79EFBC}") = "lab1_2", "lab1_2\lab1_2.csproj", "{F2C319DB-EBC1-4109-8732-CFE5D631E895}"
EndProject
Project("{FAE04EC0-301F-11D3-BF4B-00C04F79EFBC}") = "lab1_3", "lab1_3\lab1_3.csproj", "{8F8EC9D0-0435-4362-8ABA-F98BB3624802}"
EndProject
Project("{FAE04EC0-301F-11D3-BF4B-00C04F79EFBC}") = "lab1_4", "lab1_4\lab1_4.csproj", "{7D5B8888-12B5-4768-9273-8B8C35D2DB65}"
EndProject
Project("{FAE04EC0-301F-11D3-BF4B-00C04F79EFBC}") = "lab1_5", "lab1_5\lab1_5.csproj", "{9FEF6A56-AD53-45DA-98C0-4BC08C29DE35}"
EndProject
Project("{FAE04EC0-301F-11D3-BF4B-00C04F79EFBC}") = "lab1_6", "lab1_6\lab1_6.csproj", "{AD8742C5-052E-4B02-90A7-AC79A35453C0}"
EndProject
Project("{FAE04EC0-301F-11D3-BF4B-00C04F79EFBC}") = "lab1_7", "zadanie7\lab1_7.csproj", "{EB851DCF-EEFE-4485-8CCD-1CDB96FAA173}"
EndProject
Global
	GlobalSection(SolutionConfigurationPlatforms) = preSolution
		Debug|Any CPU = Debug|Any CPU
		Release|Any CPU = Release|Any CPU
	EndGlobalSection
	GlobalSection(ProjectConfigurationPlatforms) = postSolution
		{9A5509E2-68E7-436B-B791-7BF9594B3694}.Debug|Any CPU.ActiveCfg = Debug|Any CPU
		{9A5509E2-68E7-436B-B791-7BF9594B3694}.Debug|Any CPU.Build.0 = Debug|Any CPU
		{9A5509E2-68E7-436B-B791-7BF9594B3694}.Release|Any CPU.ActiveCfg = Release|Any CPU
		{9A5509E2-68E7-436B-B791-7BF9594B3694}.Release|Any CPU.Build.0 = Release|Any CPU
		{F2C319DB-EBC1-4109-8732-CFE5D631E895}.Debug|Any CPU.ActiveCfg = Debug|Any CPU
		{F2C319DB-EBC1-4109-8732-CFE5D631E895}.Debug|Any CPU.Build.0 = Debug|Any CPU
		{F2C319DB-EBC1-4109-8732-CFE5D631E895}.Release|Any CPU.ActiveCfg = Release|Any CPU
		{F2C319DB-EBC1-4109-8732-CFE5D631E895}.Release|Any CPU.Build.0 = Release|Any CPU
		{8F8EC9D0-0435-4362-8ABA-F98BB3624802}.Debug|Any CPU.ActiveCfg = Debug|Any CPU
		{8F8EC9D0-0435-4362-8ABA-F98BB3624802}.Debug|Any CPU.Build.0 = Debug|Any CPU
		{8F8EC9D0-0435-4362-8ABA-F98BB3624802}.Release|Any CPU.ActiveCfg = Release|Any CPU
		{8F8EC9D0-0435-4362-8ABA-F98BB3624802}.Release|Any CPU.Build.0 = Release|Any CPU
		{7D5B8888-12B5-4768-9273-8B8C35D2DB65}.Debug|Any CPU.ActiveCfg = Debug|Any CPU
		{7D5B8888-12B5-4768-9273-8B8C35D2DB65}.Debug|Any CPU.Build.0 = Debug|Any CPU
		{7D5B8888-12B5-4768-9273-8B8C35D2DB65}.Release|Any CPU.ActiveCfg = Release|Any CPU
		{7D5B8888-12B5-4768-9273-8B8C35D2DB65}.Release|Any CPU.Build.0 = Release|Any CPU
		{9FEF6A56-AD53-45DA-98C0-4BC08C29DE35}.Debug|Any CPU.ActiveCfg = Debug|Any CPU
		{9FEF6A56-AD53-45DA-98C0-4BC08C29DE35}.Debug|Any CPU.Build.0 = Debug|Any CPU
		{9FEF6A56-AD53-45DA-98C0-4BC08C29DE35}.Release|Any CPU.ActiveCfg = Release|Any CPU
		{9FEF6A56-AD53-45DA-98C0-4BC08C29DE35}.Release|Any CPU.Build.0 = Release|Any CPU
		{AD8742C5-052E-4B02-90A7-AC79A35453C0}.Debug|Any CPU.ActiveCfg = Debug|Any CPU
		{AD8742C5-052E-4B02-90A7-AC79A35453C0}.Debug|Any CPU.Build.0 = Debug|Any CPU
		{AD8742C5-052E-4B02-90A7-AC79A35453C0}.Release|Any CPU.ActiveCfg = Release|Any CPU
		{AD8742C5-052E-4B02-90A7-AC79A35453C0}.Release|Any CPU.Build.0 = Release|Any CPU
		{EB851DCF-EEFE-4485-8CCD-1CDB96FAA173}.Debug|Any CPU.ActiveCfg = Debug|Any CPU
		{EB851DCF-EEFE-4485-8CCD-1CDB96FAA173}.Debug|Any CPU.Build.0 = Debug|Any CPU
		{EB851DCF-EEFE-4485-8CCD-1CDB96FAA173}.Release|Any CPU.ActiveCfg = Release|Any CPU
		{EB851DCF-EEFE-4485-8CCD-1CDB96FAA173}.Release|Any CPU.Build.0 = Release|Any CPU
	EndGlobalSection
	GlobalSection(SolutionProperties) = preSolution
		HideSolutionNode = FALSE
	EndGlobalSection
EndGlobal
